
Microsoft Visual Studio Solution File, Format Version 12.00
# Visual Studio Version 16
VisualStudioVersion = 16.0.31911.196
MinimumVisualStudioVersion = 10.0.40219.1
Project("{FAE04EC0-301F-11D3-BF4B-00C04F79EFBC}") = "Fresco", "Fresco\Fresco.csproj", "{FA9FABA9-BB4C-4074-BA2C-F2C54D7B1145}"
EndProject
Project("{FAE04EC0-301F-11D3-BF4B-00C04F79EFBC}") = "Fresco.ImagePipeline", "Fresco.ImagePipeline\Fresco.ImagePipeline.csproj", "{B7CAA5C0-4CFB-4BA7-9498-8AB47A5D8DC3}"
EndProject
Project("{FAE04EC0-301F-11D3-BF4B-00C04F79EFBC}") = "Fresco.Core", "Fresco.Core\Fresco.Core.csproj", "{848EE635-2546-44E5-9C31-7CD371A1CEC2}"
EndProject
Project("{FAE04EC0-301F-11D3-BF4B-00C04F79EFBC}") = "Fresco.Drawee", "Fresco.Drawee\Fresco.Drawee.csproj", "{81C9E565-AED0-4930-A9A8-EFB10C87D750}"
EndProject
Project("{FAE04EC0-301F-11D3-BF4B-00C04F79EFBC}") = "Fresco.ImagePipeline.Base", "Fresco.ImagePipeline.Base\Fresco.ImagePipeline.Base.csproj", "{613A5C51-590F-428D-AC85-A0BDC4BF5E5E}"
EndProject
Project("{FAE04EC0-301F-11D3-BF4B-00C04F79EFBC}") = "Fresco.Test", "Fresco.Test\Fresco.Test.csproj", "{1233A947-0B33-4338-B7D8-D5267AE94009}"
EndProject
Project("{FAE04EC0-301F-11D3-BF4B-00C04F79EFBC}") = "Fresco.SoLoader", "Fresco.SoLoader\Fresco.SoLoader.csproj", "{6829B453-447E-41A0-A867-7957CADE42BC}"
EndProject
Project("{FAE04EC0-301F-11D3-BF4B-00C04F79EFBC}") = "Fresco.Bolts", "Fresco.Bolts\Fresco.Bolts.csproj", "{BC051157-FDFA-4BFF-AD8B-D642224E2936}"
EndProject
Project("{FAE04EC0-301F-11D3-BF4B-00C04F79EFBC}") = "Fresco.WebP", "Fresco.WebP\Fresco.WebP.csproj", "{15924F0A-D30E-46F9-9969-DBCDD68E5A4E}"
EndProject
Project("{FAE04EC0-301F-11D3-BF4B-00C04F79EFBC}") = "Fresco.Animated.Base", "Fresco.Animated.Base\Fresco.Animated.Base.csproj", "{4AAC3A69-27FF-41DE-AF8B-9255D9E665E6}"
EndProject
Project("{FAE04EC0-301F-11D3-BF4B-00C04F79EFBC}") = "Fresco.Animated.Drawable", "Fresco.Animated.Drawable\Fresco.Animated.Drawable.csproj", "{7C09C4CD-36F7-48F5-9757-A1C32DFC64EC}"
EndProject
Project("{FAE04EC0-301F-11D3-BF4B-00C04F79EFBC}") = "Fresco.Animated.WebP", "Fresco.Animated.WebP\Fresco.Animated.WebP.csproj", "{8D38CD50-90F1-4A3F-BD9A-988180A8D7F9}"
EndProject
Project("{FAE04EC0-301F-11D3-BF4B-00C04F79EFBC}") = "Fresco.Animated.Gif", "Fresco.Animated.Gif\Fresco.Animated.Gif.csproj", "{C1BD2F66-0EEA-4232-B533-FCEB7419D125}"
EndProject
Project("{FAE04EC0-301F-11D3-BF4B-00C04F79EFBC}") = "Fresco.ImagePipeline.OkHttp", "Fresco.ImagePipeline.OkHttp\Fresco.ImagePipeline.OkHttp.csproj", "{C1D673C9-6D63-44C6-A378-E6E4CEA3E409}"
EndProject
Project("{FAE04EC0-301F-11D3-BF4B-00C04F79EFBC}") = "Fresco.NativeImageTranscoder", "Fresco.NativeImageTranscoder\Fresco.NativeImageTranscoder.csproj", "{5FADAC74-CBAE-4D42-9374-BD19A52A4912}"
EndProject
Project("{FAE04EC0-301F-11D3-BF4B-00C04F79EFBC}") = "Fresco.NativeImageFilters", "Fresco.NativeImageFilters\Fresco.NativeImageFilters.csproj", "{5151C676-1AD9-4AC9-A574-5DF99D0AB3E5}"
EndProject
Global
	GlobalSection(SolutionConfigurationPlatforms) = preSolution
		Debug|Any CPU = Debug|Any CPU
		Release|Any CPU = Release|Any CPU
	EndGlobalSection
	GlobalSection(ProjectConfigurationPlatforms) = postSolution
		{FA9FABA9-BB4C-4074-BA2C-F2C54D7B1145}.Debug|Any CPU.ActiveCfg = Debug|Any CPU
		{FA9FABA9-BB4C-4074-BA2C-F2C54D7B1145}.Debug|Any CPU.Build.0 = Debug|Any CPU
		{FA9FABA9-BB4C-4074-BA2C-F2C54D7B1145}.Release|Any CPU.ActiveCfg = Release|Any CPU
		{FA9FABA9-BB4C-4074-BA2C-F2C54D7B1145}.Release|Any CPU.Build.0 = Release|Any CPU
		{B7CAA5C0-4CFB-4BA7-9498-8AB47A5D8DC3}.Debug|Any CPU.ActiveCfg = Debug|Any CPU
		{B7CAA5C0-4CFB-4BA7-9498-8AB47A5D8DC3}.Debug|Any CPU.Build.0 = Debug|Any CPU
		{B7CAA5C0-4CFB-4BA7-9498-8AB47A5D8DC3}.Release|Any CPU.ActiveCfg = Release|Any CPU
		{B7CAA5C0-4CFB-4BA7-9498-8AB47A5D8DC3}.Release|Any CPU.Build.0 = Release|Any CPU
		{848EE635-2546-44E5-9C31-7CD371A1CEC2}.Debug|Any CPU.ActiveCfg = Debug|Any CPU
		{848EE635-2546-44E5-9C31-7CD371A1CEC2}.Debug|Any CPU.Build.0 = Debug|Any CPU
		{848EE635-2546-44E5-9C31-7CD371A1CEC2}.Release|Any CPU.ActiveCfg = Release|Any CPU
		{848EE635-2546-44E5-9C31-7CD371A1CEC2}.Release|Any CPU.Build.0 = Release|Any CPU
		{81C9E565-AED0-4930-A9A8-EFB10C87D750}.Debug|Any CPU.ActiveCfg = Debug|Any CPU
		{81C9E565-AED0-4930-A9A8-EFB10C87D750}.Debug|Any CPU.Build.0 = Debug|Any CPU
		{81C9E565-AED0-4930-A9A8-EFB10C87D750}.Release|Any CPU.ActiveCfg = Release|Any CPU
		{81C9E565-AED0-4930-A9A8-EFB10C87D750}.Release|Any CPU.Build.0 = Release|Any CPU
		{613A5C51-590F-428D-AC85-A0BDC4BF5E5E}.Debug|Any CPU.ActiveCfg = Debug|Any CPU
		{613A5C51-590F-428D-AC85-A0BDC4BF5E5E}.Debug|Any CPU.Build.0 = Debug|Any CPU
		{613A5C51-590F-428D-AC85-A0BDC4BF5E5E}.Release|Any CPU.ActiveCfg = Release|Any CPU
		{613A5C51-590F-428D-AC85-A0BDC4BF5E5E}.Release|Any CPU.Build.0 = Release|Any CPU
		{1233A947-0B33-4338-B7D8-D5267AE94009}.Debug|Any CPU.ActiveCfg = Debug|Any CPU
		{1233A947-0B33-4338-B7D8-D5267AE94009}.Debug|Any CPU.Build.0 = Debug|Any CPU
		{1233A947-0B33-4338-B7D8-D5267AE94009}.Debug|Any CPU.Deploy.0 = Debug|Any CPU
		{1233A947-0B33-4338-B7D8-D5267AE94009}.Release|Any CPU.ActiveCfg = Release|Any CPU
		{1233A947-0B33-4338-B7D8-D5267AE94009}.Release|Any CPU.Build.0 = Release|Any CPU
		{1233A947-0B33-4338-B7D8-D5267AE94009}.Release|Any CPU.Deploy.0 = Release|Any CPU
		{6829B453-447E-41A0-A867-7957CADE42BC}.Debug|Any CPU.ActiveCfg = Debug|Any CPU
		{6829B453-447E-41A0-A867-7957CADE42BC}.Debug|Any CPU.Build.0 = Debug|Any CPU
		{6829B453-447E-41A0-A867-7957CADE42BC}.Release|Any CPU.ActiveCfg = Release|Any CPU
		{6829B453-447E-41A0-A867-7957CADE42BC}.Release|Any CPU.Build.0 = Release|Any CPU
		{BC051157-FDFA-4BFF-AD8B-D642224E2936}.Debug|Any CPU.ActiveCfg = Debug|Any CPU
		{BC051157-FDFA-4BFF-AD8B-D642224E2936}.Debug|Any CPU.Build.0 = Debug|Any CPU
		{BC051157-FDFA-4BFF-AD8B-D642224E2936}.Release|Any CPU.ActiveCfg = Release|Any CPU
		{BC051157-FDFA-4BFF-AD8B-D642224E2936}.Release|Any CPU.Build.0 = Release|Any CPU
		{15924F0A-D30E-46F9-9969-DBCDD68E5A4E}.Debug|Any CPU.ActiveCfg = Debug|Any CPU
		{15924F0A-D30E-46F9-9969-DBCDD68E5A4E}.Debug|Any CPU.Build.0 = Debug|Any CPU
		{15924F0A-D30E-46F9-9969-DBCDD68E5A4E}.Release|Any CPU.ActiveCfg = Release|Any CPU
		{15924F0A-D30E-46F9-9969-DBCDD68E5A4E}.Release|Any CPU.Build.0 = Release|Any CPU
		{4AAC3A69-27FF-41DE-AF8B-9255D9E665E6}.Debug|Any CPU.ActiveCfg = Debug|Any CPU
		{4AAC3A69-27FF-41DE-AF8B-9255D9E665E6}.Debug|Any CPU.Build.0 = Debug|Any CPU
		{4AAC3A69-27FF-41DE-AF8B-9255D9E665E6}.Release|Any CPU.ActiveCfg = Release|Any CPU
		{4AAC3A69-27FF-41DE-AF8B-9255D9E665E6}.Release|Any CPU.Build.0 = Release|Any CPU
		{7C09C4CD-36F7-48F5-9757-A1C32DFC64EC}.Debug|Any CPU.ActiveCfg = Debug|Any CPU
		{7C09C4CD-36F7-48F5-9757-A1C32DFC64EC}.Debug|Any CPU.Build.0 = Debug|Any CPU
		{7C09C4CD-36F7-48F5-9757-A1C32DFC64EC}.Release|Any CPU.ActiveCfg = Release|Any CPU
		{7C09C4CD-36F7-48F5-9757-A1C32DFC64EC}.Release|Any CPU.Build.0 = Release|Any CPU
		{8D38CD50-90F1-4A3F-BD9A-988180A8D7F9}.Debug|Any CPU.ActiveCfg = Debug|Any CPU
		{8D38CD50-90F1-4A3F-BD9A-988180A8D7F9}.Debug|Any CPU.Build.0 = Debug|Any CPU
		{8D38CD50-90F1-4A3F-BD9A-988180A8D7F9}.Release|Any CPU.ActiveCfg = Release|Any CPU
		{8D38CD50-90F1-4A3F-BD9A-988180A8D7F9}.Release|Any CPU.Build.0 = Release|Any CPU
		{C1BD2F66-0EEA-4232-B533-FCEB7419D125}.Debug|Any CPU.ActiveCfg = Debug|Any CPU
		{C1BD2F66-0EEA-4232-B533-FCEB7419D125}.Debug|Any CPU.Build.0 = Debug|Any CPU
		{C1BD2F66-0EEA-4232-B533-FCEB7419D125}.Release|Any CPU.ActiveCfg = Release|Any CPU
		{C1BD2F66-0EEA-4232-B533-FCEB7419D125}.Release|Any CPU.Build.0 = Release|Any CPU
		{C1D673C9-6D63-44C6-A378-E6E4CEA3E409}.Debug|Any CPU.ActiveCfg = Debug|Any CPU
		{C1D673C9-6D63-44C6-A378-E6E4CEA3E409}.Debug|Any CPU.Build.0 = Debug|Any CPU
		{C1D673C9-6D63-44C6-A378-E6E4CEA3E409}.Release|Any CPU.ActiveCfg = Release|Any CPU
		{C1D673C9-6D63-44C6-A378-E6E4CEA3E409}.Release|Any CPU.Build.0 = Release|Any CPU
		{5FADAC74-CBAE-4D42-9374-BD19A52A4912}.Debug|Any CPU.ActiveCfg = Debug|Any CPU
		{5FADAC74-CBAE-4D42-9374-BD19A52A4912}.Debug|Any CPU.Build.0 = Debug|Any CPU
		{5FADAC74-CBAE-4D42-9374-BD19A52A4912}.Release|Any CPU.ActiveCfg = Release|Any CPU
		{5FADAC74-CBAE-4D42-9374-BD19A52A4912}.Release|Any CPU.Build.0 = Release|Any CPU
		{5151C676-1AD9-4AC9-A574-5DF99D0AB3E5}.Debug|Any CPU.ActiveCfg = Debug|Any CPU
		{5151C676-1AD9-4AC9-A574-5DF99D0AB3E5}.Debug|Any CPU.Build.0 = Debug|Any CPU
		{5151C676-1AD9-4AC9-A574-5DF99D0AB3E5}.Release|Any CPU.ActiveCfg = Release|Any CPU
		{5151C676-1AD9-4AC9-A574-5DF99D0AB3E5}.Release|Any CPU.Build.0 = Release|Any CPU
	EndGlobalSection
	GlobalSection(SolutionProperties) = preSolution
		HideSolutionNode = FALSE
	EndGlobalSection
	GlobalSection(ExtensibilityGlobals) = postSolution
		SolutionGuid = {E49F3541-6DDA-45D1-AE6A-35431A583923}
	EndGlobalSection
EndGlobal
