
Microsoft Visual Studio Solution File, Format Version 12.00
# Visual Studio 15
VisualStudioVersion = 15.0.27130.2036
MinimumVisualStudioVersion = 10.0.40219.1
Project("{FAE04EC0-301F-11D3-BF4B-00C04F79EFBC}") = "Fresco", "Fresco\Fresco.csproj", "{FA9FABA9-BB4C-4074-BA2C-F2C54D7B1145}"
EndProject
Global
	GlobalSection(SolutionConfigurationPlatforms) = preSolution
		Debug|Any CPU = Debug|Any CPU
		Release|Any CPU = Release|Any CPU
	EndGlobalSection
	GlobalSection(ProjectConfigurationPlatforms) = postSolution
		{FA9FABA9-BB4C-4074-BA2C-F2C54D7B1145}.Debug|Any CPU.ActiveCfg = Debug|Any CPU
		{FA9FABA9-BB4C-4074-BA2C-F2C54D7B1145}.Debug|Any CPU.Build.0 = Debug|Any CPU
		{FA9FABA9-BB4C-4074-BA2C-F2C54D7B1145}.Release|Any CPU.ActiveCfg = Release|Any CPU
		{FA9FABA9-BB4C-4074-BA2C-F2C54D7B1145}.Release|Any CPU.Build.0 = Release|Any CPU
	EndGlobalSection
	GlobalSection(SolutionProperties) = preSolution
		HideSolutionNode = FALSE
	EndGlobalSection
	GlobalSection(ExtensibilityGlobals) = postSolution
		SolutionGuid = {E49F3541-6DDA-45D1-AE6A-35431A583923}
	EndGlobalSection
EndGlobal
